{
  "requires": true,
  "lockfileVersion": 1,
  "dependencies": {
    "abbrev": {
      "version": "1.1.1",
      "resolved": "https://registry.npmjs.org/abbrev/-/abbrev-1.1.1.tgz",
      "integrity": "sha512-nne9/IiQ/hzIhY6pdDnbBtz7DjPTKrY00P/zvPSm5pOFkl6xuGrGnXn/VtTNNfNtAfZ9/1RtehkszU9qcTii0Q=="
    },
    "access-control": {
      "version": "1.0.0",
      "resolved": "https://registry.npmjs.org/access-control/-/access-control-1.0.0.tgz",
      "integrity": "sha1-rrooLO53MT6FJAFj1p41sp421iY=",
      "requires": {
        "millisecond": "0.1.2",
        "setheader": "0.0.4",
        "vary": "1.1.2"
      }
    },
    "actionhero": {
      "version": "18.0.0-beta.1",
      "resolved": "https://registry.npmjs.org/actionhero/-/actionhero-18.0.0-beta.1.tgz",
      "integrity": "sha512-1V3lEW6WpGYWE7WO9wlWywPT8ubGgV1g42Tudlsg/2+LRgvmWghGozzs/o2LNVRLXV5arc4tuum6boykjy5ewg==",
      "requires": {
        "browser_fingerprint": "1.0.1",
        "dot-prop": "4.2.0",
        "etag": "1.8.1",
        "formidable": "1.1.1",
        "i18n": "0.8.3",
        "ioredis": "3.1.4",
        "is-running": "2.1.0",
        "mime": "2.0.3",
        "node-resque": "5.0.0",
        "optimist": "0.6.1",
        "primus": "7.1.0",
        "qs": "6.5.1",
        "uglify-js": "3.1.2",
        "uuid": "3.1.0",
        "winston": "2.3.1",
        "ws": "3.2.0"
      }
    },
    "ambi": {
      "version": "2.5.0",
      "resolved": "https://registry.npmjs.org/ambi/-/ambi-2.5.0.tgz",
      "integrity": "sha1-fI43K+SIkRV+fOoBy2+RQ9H3QiA=",
      "requires": {
        "editions": "1.3.3",
        "typechecker": "4.4.1"
      },
      "dependencies": {
        "typechecker": {
          "version": "4.4.1",
          "resolved": "https://registry.npmjs.org/typechecker/-/typechecker-4.4.1.tgz",
          "integrity": "sha1-+XuV9RsDhBchLWd9RaNz7nvO1+Y=",
          "requires": {
            "editions": "1.3.3"
          }
        }
      }
    },
    "async": {
      "version": "1.5.2",
      "resolved": "https://registry.npmjs.org/async/-/async-1.5.2.tgz",
      "integrity": "sha1-7GphrlZIDAw8skHJVhjiCJL5Zyo="
    },
    "async-limiter": {
      "version": "1.0.0",
      "resolved": "https://registry.npmjs.org/async-limiter/-/async-limiter-1.0.0.tgz",
      "integrity": "sha512-jp/uFnooOiO+L211eZOoSyzpOITMXx1rBITauYykG3BRYPu8h0UcxsPNB04RR5vo4Tyz3+ay17tR6JVf9qzYWg=="
    },
    "asyncemit": {
      "version": "3.0.1",
      "resolved": "https://registry.npmjs.org/asyncemit/-/asyncemit-3.0.1.tgz",
      "integrity": "sha1-zD4P4No5tTzBXls6qGFupqcr1Zk="
    },
    "balanced-match": {
      "version": "1.0.0",
      "resolved": "https://registry.npmjs.org/balanced-match/-/balanced-match-1.0.0.tgz",
      "integrity": "sha1-ibTRmasr7kneFk6gK4nORi1xt2c="
    },
    "bluebird": {
      "version": "3.5.0",
      "resolved": "https://registry.npmjs.org/bluebird/-/bluebird-3.5.0.tgz",
      "integrity": "sha1-eRQg1/VR7qKJdFOop3ZT+WYG1nw="
    },
    "brace-expansion": {
      "version": "1.1.8",
      "resolved": "https://registry.npmjs.org/brace-expansion/-/brace-expansion-1.1.8.tgz",
      "integrity": "sha1-wHshHHyVLsH479Uad+8NHTmQopI=",
      "requires": {
        "balanced-match": "1.0.0",
        "concat-map": "0.0.1"
      }
    },
    "browser_fingerprint": {
      "version": "1.0.1",
      "resolved": "https://registry.npmjs.org/browser_fingerprint/-/browser_fingerprint-1.0.1.tgz",
      "integrity": "sha512-hWWyPo+gJVLuGMqiDI/5bwi1eMzNi14Lptw0JSfyAIkZb8dNm86x1qcq20Bdbhbd6iM7r2l+LlqHrS1ViJzGyg=="
    },
    "cluster-key-slot": {
      "version": "1.0.8",
      "resolved": "https://registry.npmjs.org/cluster-key-slot/-/cluster-key-slot-1.0.8.tgz",
      "integrity": "sha1-dlRVYIWmUzCTKi6LWXb44tCz5BQ="
    },
    "coffee-script": {
      "version": "1.12.7",
      "resolved": "https://registry.npmjs.org/coffee-script/-/coffee-script-1.12.7.tgz",
      "integrity": "sha512-fLeEhqwymYat/MpTPUjSKHVYYl0ec2mOyALEMLmzr5i1isuG+6jfI2j2d5oBO3VIzgUXgBVIcOT9uH1TFxBckw=="
    },
    "color": {
      "version": "0.8.0",
      "resolved": "https://registry.npmjs.org/color/-/color-0.8.0.tgz",
      "integrity": "sha1-iQwHw/1OZJU3Y4kRz2keVFi2/KU=",
      "requires": {
        "color-convert": "0.5.3",
        "color-string": "0.3.0"
      }
    },
    "color-convert": {
      "version": "0.5.3",
      "resolved": "https://registry.npmjs.org/color-convert/-/color-convert-0.5.3.tgz",
      "integrity": "sha1-vbbGnOZg+t/+CwAHzER+G59ygr0="
    },
    "color-name": {
      "version": "1.1.3",
      "resolved": "https://registry.npmjs.org/color-name/-/color-name-1.1.3.tgz",
      "integrity": "sha1-p9BVi9icQveV3UIyj3QIMcpTvCU="
    },
    "color-string": {
      "version": "0.3.0",
      "resolved": "https://registry.npmjs.org/color-string/-/color-string-0.3.0.tgz",
      "integrity": "sha1-J9RvtnAlxcL6JZk7+/V55HhBuZE=",
      "requires": {
        "color-name": "1.1.3"
      }
    },
    "colornames": {
      "version": "0.0.2",
      "resolved": "https://registry.npmjs.org/colornames/-/colornames-0.0.2.tgz",
      "integrity": "sha1-2BH9bIT1kClJmorEQ2ICk1uSvjE="
    },
    "colors": {
      "version": "1.0.3",
      "resolved": "https://registry.npmjs.org/colors/-/colors-1.0.3.tgz",
      "integrity": "sha1-BDP0TYCWgP3rYO0mDxsMJi6CpAs="
    },
    "colorspace": {
      "version": "1.0.1",
      "resolved": "https://registry.npmjs.org/colorspace/-/colorspace-1.0.1.tgz",
      "integrity": "sha1-yZx5btMRKLmHalLh7l7gOkpxl0k=",
      "requires": {
        "color": "0.8.0",
        "text-hex": "0.0.0"
      }
    },
    "commander": {
      "version": "2.11.0",
      "resolved": "https://registry.npmjs.org/commander/-/commander-2.11.0.tgz",
      "integrity": "sha512-b0553uYA5YAEGgyYIGYROzKQ7X5RAqedkfjiZxwi0kL1g3bOaBNNZfYkzt/CL0umgD5wc9Jec2FbB98CjkMRvQ=="
    },
    "concat-map": {
      "version": "0.0.1",
      "resolved": "https://registry.npmjs.org/concat-map/-/concat-map-0.0.1.tgz",
      "integrity": "sha1-2Klr13/Wjfd5OnMDajug1UBdR3s="
    },
    "connected": {
      "version": "0.0.2",
      "resolved": "https://registry.npmjs.org/connected/-/connected-0.0.2.tgz",
      "integrity": "sha1-e1dVshbOMf+rzMOOn04d/Bw7fG0="
    },
    "create-server": {
      "version": "1.0.1",
      "resolved": "https://registry.npmjs.org/create-server/-/create-server-1.0.1.tgz",
      "integrity": "sha1-FkNCg08Yi77Hx7xGZ0Y8wrEwTEQ=",
      "requires": {
        "connected": "0.0.2"
      }
    },
    "csextends": {
      "version": "1.1.1",
      "resolved": "https://registry.npmjs.org/csextends/-/csextends-1.1.1.tgz",
      "integrity": "sha1-zFPBNJ+vfwrmzfb2xKTZFW08TsE=",
      "requires": {
        "coffee-script": "1.12.7"
      }
    },
    "cycle": {
      "version": "1.0.3",
      "resolved": "https://registry.npmjs.org/cycle/-/cycle-1.0.3.tgz",
      "integrity": "sha1-IegLK+hYD5i0aPN5QwZisEbDStI="
    },
    "debug": {
      "version": "3.1.0",
      "resolved": "https://registry.npmjs.org/debug/-/debug-3.1.0.tgz",
      "integrity": "sha512-OX8XqP7/1a9cqkxYw2yXss15f26NKWBpDXQd0/uK/KPqdQhxbPa994hnzjcE2VqQpDslf55723cKPUOGSmMY3g==",
      "requires": {
        "ms": "2.0.0"
      }
    },
    "denque": {
      "version": "1.2.2",
      "resolved": "https://registry.npmjs.org/denque/-/denque-1.2.2.tgz",
      "integrity": "sha512-x92Ql74lcTbGylXILO9Xf9S0cMpEPP04zVp2bB9e2C7G/n/Q1SgLl78RaSYEPSgpDX9uLgQXCEGAS5BI5dP3yA=="
    },
    "diagnostics": {
      "version": "1.1.0",
      "resolved": "https://registry.npmjs.org/diagnostics/-/diagnostics-1.1.0.tgz",
      "integrity": "sha1-4QkJALSVI+hSe+IPCBJ1IF8q42o=",
      "requires": {
        "colorspace": "1.0.1",
        "enabled": "1.0.2",
        "kuler": "0.0.0"
      }
    },
    "dot-prop": {
      "version": "4.2.0",
      "resolved": "https://registry.npmjs.org/dot-prop/-/dot-prop-4.2.0.tgz",
      "integrity": "sha512-tUMXrxlExSW6U2EXiiKGSBVdYgtV8qlHL+C10TsW4PURY/ic+eaysnSkwB4kA/mBlCyy/IKDJ+Lc3wbWeaXtuQ==",
      "requires": {
        "is-obj": "1.0.1"
      }
    },
    "eachr": {
      "version": "2.0.4",
      "resolved": "https://registry.npmjs.org/eachr/-/eachr-2.0.4.tgz",
      "integrity": "sha1-Rm98qhBwj2EFCeMsgHqv5X/BIr8=",
      "requires": {
        "typechecker": "2.1.0"
      }
    },
    "editions": {
      "version": "1.3.3",
      "resolved": "https://registry.npmjs.org/editions/-/editions-1.3.3.tgz",
      "integrity": "sha1-CQcQG92iD6w8vjNMJ8vQaI3Jmls="
    },
    "emits": {
      "version": "3.0.0",
      "resolved": "https://registry.npmjs.org/emits/-/emits-3.0.0.tgz",
      "integrity": "sha1-MnUrupXhcHshlWI4Srm7ix/WL3A="
    },
    "enabled": {
      "version": "1.0.2",
      "resolved": "https://registry.npmjs.org/enabled/-/enabled-1.0.2.tgz",
      "integrity": "sha1-ll9lE9LC0cX0ZStkouM5ZGf8L5M=",
      "requires": {
        "env-variable": "0.0.3"
      }
    },
    "env-variable": {
      "version": "0.0.3",
      "resolved": "https://registry.npmjs.org/env-variable/-/env-variable-0.0.3.tgz",
      "integrity": "sha1-uGwWQb5WECZ9UG8YBx6nbXBwl8s="
    },
    "etag": {
      "version": "1.8.1",
      "resolved": "https://registry.npmjs.org/etag/-/etag-1.8.1.tgz",
      "integrity": "sha1-Qa4u62XvpiJorr/qg6x9eSmbCIc="
    },
    "eventemitter3": {
      "version": "2.0.3",
      "resolved": "https://registry.npmjs.org/eventemitter3/-/eventemitter3-2.0.3.tgz",
      "integrity": "sha1-teEHm1n7XhuidxwKmTvgYKWMmbo="
    },
    "extendible": {
      "version": "0.1.1",
      "resolved": "https://registry.npmjs.org/extendible/-/extendible-0.1.1.tgz",
      "integrity": "sha1-4qN+2HEp+0+VM+io11BiMKU5yQU="
    },
    "extendr": {
      "version": "2.1.0",
      "resolved": "https://registry.npmjs.org/extendr/-/extendr-2.1.0.tgz",
      "integrity": "sha1-MBqgu+pWX00tyPVw8qImEahSe1Y=",
      "requires": {
        "typechecker": "2.0.8"
      },
      "dependencies": {
        "typechecker": {
          "version": "2.0.8",
          "resolved": "https://registry.npmjs.org/typechecker/-/typechecker-2.0.8.tgz",
          "integrity": "sha1-6D2oS7ZMWEzLNFg4V2xAsDN9uC4="
        }
      }
    },
    "extract-opts": {
      "version": "2.2.0",
      "resolved": "https://registry.npmjs.org/extract-opts/-/extract-opts-2.2.0.tgz",
      "integrity": "sha1-H6KOunNSxttID4hc63GkaBC+bX0=",
      "requires": {
        "typechecker": "2.0.8"
      },
      "dependencies": {
        "typechecker": {
          "version": "2.0.8",
          "resolved": "https://registry.npmjs.org/typechecker/-/typechecker-2.0.8.tgz",
          "integrity": "sha1-6D2oS7ZMWEzLNFg4V2xAsDN9uC4="
        }
      }
    },
    "eyes": {
      "version": "0.1.8",
      "resolved": "https://registry.npmjs.org/eyes/-/eyes-0.1.8.tgz",
      "integrity": "sha1-Ys8SAjTGg3hdkCNIqADvPgzCC8A="
    },
    "flexbuffer": {
      "version": "0.0.6",
      "resolved": "https://registry.npmjs.org/flexbuffer/-/flexbuffer-0.0.6.tgz",
      "integrity": "sha1-A5/fI/iCPkQMOPMnfm/vEXQhWzA="
    },
    "formidable": {
      "version": "1.1.1",
      "resolved": "https://registry.npmjs.org/formidable/-/formidable-1.1.1.tgz",
      "integrity": "sha1-lriIb3w8NQi5Mta9cMTTqI818ak="
    },
    "forwarded-for": {
      "version": "1.0.1",
      "resolved": "https://registry.npmjs.org/forwarded-for/-/forwarded-for-1.0.1.tgz",
      "integrity": "sha1-59pIFAJRaP/AoQ0/954UFfRq9Gk="
    },
    "fusing": {
      "version": "1.0.0",
      "resolved": "https://registry.npmjs.org/fusing/-/fusing-1.0.0.tgz",
      "integrity": "sha1-VQwV12r5Jld4qgUezkTUAAoJjUU=",
      "requires": {
        "emits": "3.0.0",
        "predefine": "0.1.2"
      }
    },
    "glob": {
      "version": "6.0.4",
      "resolved": "https://registry.npmjs.org/glob/-/glob-6.0.4.tgz",
      "integrity": "sha1-DwiGD2oVUSey+t1PnOJLGqtuTSI=",
      "requires": {
        "inflight": "1.0.6",
        "inherits": "2.0.3",
        "minimatch": "3.0.4",
        "once": "1.4.0",
        "path-is-absolute": "1.0.1"
      }
    },
    "graceful-fs": {
      "version": "4.1.11",
      "resolved": "https://registry.npmjs.org/graceful-fs/-/graceful-fs-4.1.11.tgz",
      "integrity": "sha1-Dovf5NHduIVNZOBOp8AOKgJuVlg="
    },
    "i18n": {
      "version": "0.8.3",
      "resolved": "https://registry.npmjs.org/i18n/-/i18n-0.8.3.tgz",
      "integrity": "sha1-LYzxwkciYCwgQdAbpq5eqlE4jw4=",
      "requires": {
        "debug": "3.1.0",
        "make-plural": "3.0.6",
        "math-interval-parser": "1.1.0",
        "messageformat": "0.3.1",
        "mustache": "2.3.0",
        "sprintf-js": "1.1.1"
      }
    },
    "ignorefs": {
      "version": "1.2.0",
      "resolved": "https://registry.npmjs.org/ignorefs/-/ignorefs-1.2.0.tgz",
      "integrity": "sha1-2ln7hYl25KXkNwLM0fKC/byeV1Y=",
      "requires": {
        "editions": "1.3.3",
        "ignorepatterns": "1.1.0"
      }
    },
    "ignorepatterns": {
      "version": "1.1.0",
      "resolved": "https://registry.npmjs.org/ignorepatterns/-/ignorepatterns-1.1.0.tgz",
      "integrity": "sha1-rI9DbyI5td+2bV8NOpBKh6xnzF4="
    },
    "inflight": {
      "version": "1.0.6",
      "resolved": "https://registry.npmjs.org/inflight/-/inflight-1.0.6.tgz",
      "integrity": "sha1-Sb1jMdfQLQwJvJEKEHW6gWW1bfk=",
      "requires": {
        "once": "1.4.0",
        "wrappy": "1.0.2"
      }
    },
    "inherits": {
      "version": "2.0.3",
      "resolved": "https://registry.npmjs.org/inherits/-/inherits-2.0.3.tgz",
      "integrity": "sha1-Yzwsg+PaQqUC9SRmAiSA9CCCYd4="
    },
    "ioredis": {
      "version": "3.1.4",
      "resolved": "https://registry.npmjs.org/ioredis/-/ioredis-3.1.4.tgz",
      "integrity": "sha512-gz9h5BVDh5DVfzGAzyUsE/NBABLuDN5inIFKKRq66h9mqtpBFSM5HaOxKgkJLwMhQihZPkadq/xaZP4dlrHwXA==",
      "requires": {
        "bluebird": "3.5.0",
        "cluster-key-slot": "1.0.8",
        "debug": "2.6.9",
        "denque": "1.2.2",
        "flexbuffer": "0.0.6",
        "lodash.assign": "4.2.0",
        "lodash.bind": "4.2.1",
        "lodash.clone": "4.5.0",
        "lodash.clonedeep": "4.5.0",
        "lodash.defaults": "4.2.0",
        "lodash.difference": "4.5.0",
        "lodash.flatten": "4.4.0",
        "lodash.foreach": "4.5.0",
        "lodash.isempty": "4.4.0",
        "lodash.keys": "4.2.0",
        "lodash.noop": "3.0.1",
        "lodash.partial": "4.2.1",
        "lodash.pick": "4.4.0",
        "lodash.sample": "4.2.1",
        "lodash.shuffle": "4.2.0",
        "lodash.values": "4.3.0",
        "redis-commands": "1.3.1",
        "redis-parser": "2.6.0"
      },
      "dependencies": {
        "debug": {
          "version": "2.6.9",
          "resolved": "https://registry.npmjs.org/debug/-/debug-2.6.9.tgz",
          "integrity": "sha512-bC7ElrdJaJnPbAP+1EotYvqZsb3ecl5wi6Bfi6BJTUcNowp6cvspg0jXznRTKDjm/E7AdgFBVeAPVMNcKGsHMA==",
          "requires": {
            "ms": "2.0.0"
          }
        }
      }
    },
    "is-obj": {
      "version": "1.0.1",
      "resolved": "https://registry.npmjs.org/is-obj/-/is-obj-1.0.1.tgz",
      "integrity": "sha1-PkcprB9f3gJc19g6iW2rn09n2w8="
    },
    "is-running": {
      "version": "2.1.0",
      "resolved": "https://registry.npmjs.org/is-running/-/is-running-2.1.0.tgz",
      "integrity": "sha1-MKc/9cw4VOT8JUkICen1q/jeCeA="
    },
    "isstream": {
      "version": "0.1.2",
      "resolved": "https://registry.npmjs.org/isstream/-/isstream-0.1.2.tgz",
      "integrity": "sha1-R+Y/evVa+m+S4VAOaQ64uFKcCZo="
    },
    "kuler": {
      "version": "0.0.0",
      "resolved": "https://registry.npmjs.org/kuler/-/kuler-0.0.0.tgz",
      "integrity": "sha1-tmu0a5NOVQ9Z2BiEjgq7pPf1VTw=",
      "requires": {
        "colornames": "0.0.2"
      }
    },
    "lodash.assign": {
      "version": "4.2.0",
      "resolved": "https://registry.npmjs.org/lodash.assign/-/lodash.assign-4.2.0.tgz",
      "integrity": "sha1-DZnzzNem0mHRm9rrkkUAXShYCOc="
    },
    "lodash.bind": {
      "version": "4.2.1",
      "resolved": "https://registry.npmjs.org/lodash.bind/-/lodash.bind-4.2.1.tgz",
      "integrity": "sha1-euMBfpOWIqwxt9fX3LGzTbFpDTU="
    },
    "lodash.clone": {
      "version": "4.5.0",
      "resolved": "https://registry.npmjs.org/lodash.clone/-/lodash.clone-4.5.0.tgz",
      "integrity": "sha1-GVhwRQ9aExkkeN9Lw9I9LeoZB7Y="
    },
    "lodash.clonedeep": {
      "version": "4.5.0",
      "resolved": "https://registry.npmjs.org/lodash.clonedeep/-/lodash.clonedeep-4.5.0.tgz",
      "integrity": "sha1-4j8/nE+Pvd6HJSnBBxhXoIblzO8="
    },
    "lodash.defaults": {
      "version": "4.2.0",
      "resolved": "https://registry.npmjs.org/lodash.defaults/-/lodash.defaults-4.2.0.tgz",
      "integrity": "sha1-0JF4cW/+pN3p5ft7N/bwgCJ0WAw="
    },
    "lodash.difference": {
      "version": "4.5.0",
      "resolved": "https://registry.npmjs.org/lodash.difference/-/lodash.difference-4.5.0.tgz",
      "integrity": "sha1-nMtOUF1Ia5FlE0V3KIWi3yf9AXw="
    },
    "lodash.flatten": {
      "version": "4.4.0",
      "resolved": "https://registry.npmjs.org/lodash.flatten/-/lodash.flatten-4.4.0.tgz",
      "integrity": "sha1-8xwiIlqWMtK7+OSt2+8kCqdlph8="
    },
    "lodash.foreach": {
      "version": "4.5.0",
      "resolved": "https://registry.npmjs.org/lodash.foreach/-/lodash.foreach-4.5.0.tgz",
      "integrity": "sha1-Gmo16s5AEoDH8G3d7DUWWrJ+PlM="
    },
    "lodash.isempty": {
      "version": "4.4.0",
      "resolved": "https://registry.npmjs.org/lodash.isempty/-/lodash.isempty-4.4.0.tgz",
      "integrity": "sha1-b4bL7di+TsmHvpqvM8loTbGzHn4="
    },
    "lodash.keys": {
      "version": "4.2.0",
      "resolved": "https://registry.npmjs.org/lodash.keys/-/lodash.keys-4.2.0.tgz",
      "integrity": "sha1-oIYCrBLk+4P5H8H7ejYKTZujUgU="
    },
    "lodash.noop": {
      "version": "3.0.1",
      "resolved": "https://registry.npmjs.org/lodash.noop/-/lodash.noop-3.0.1.tgz",
      "integrity": "sha1-OBiPTWUKOkdCWEObluxFsyYXEzw="
    },
    "lodash.partial": {
      "version": "4.2.1",
      "resolved": "https://registry.npmjs.org/lodash.partial/-/lodash.partial-4.2.1.tgz",
      "integrity": "sha1-SfPYz9qjv/izqR0SfpIyRUGJYdQ="
    },
    "lodash.pick": {
      "version": "4.4.0",
      "resolved": "https://registry.npmjs.org/lodash.pick/-/lodash.pick-4.4.0.tgz",
      "integrity": "sha1-UvBWEP/53tQiYRRB7R/BI6AwAbM="
    },
    "lodash.sample": {
      "version": "4.2.1",
      "resolved": "https://registry.npmjs.org/lodash.sample/-/lodash.sample-4.2.1.tgz",
      "integrity": "sha1-XkKRsMdT+hq+sKq4+ynfG2bwf20="
    },
    "lodash.shuffle": {
      "version": "4.2.0",
      "resolved": "https://registry.npmjs.org/lodash.shuffle/-/lodash.shuffle-4.2.0.tgz",
      "integrity": "sha1-FFtQU8+HX29cKjP0i26ZSMbse0s="
    },
    "lodash.values": {
      "version": "4.3.0",
      "resolved": "https://registry.npmjs.org/lodash.values/-/lodash.values-4.3.0.tgz",
      "integrity": "sha1-o6bCsOvsxcLLocF+bmIP6BtT00c="
    },
    "make-plural": {
      "version": "3.0.6",
      "resolved": "https://registry.npmjs.org/make-plural/-/make-plural-3.0.6.tgz",
      "integrity": "sha1-IDOgO6wpC487uRJY9lud9+iwHKc=",
      "requires": {
        "minimist": "1.2.0"
      }
    },
    "math-interval-parser": {
      "version": "1.1.0",
      "resolved": "https://registry.npmjs.org/math-interval-parser/-/math-interval-parser-1.1.0.tgz",
      "integrity": "sha1-2+2lsGsySZc8bfYXD94jhvCv2JM=",
      "requires": {
        "xregexp": "2.0.0"
      }
    },
    "messageformat": {
      "version": "0.3.1",
      "resolved": "https://registry.npmjs.org/messageformat/-/messageformat-0.3.1.tgz",
      "integrity": "sha1-5Y//gkXps5cXmeW0PbWLPpQX9aI=",
      "requires": {
        "async": "1.5.2",
        "glob": "6.0.4",
        "make-plural": "3.0.6",
        "nopt": "3.0.6",
        "watchr": "2.4.13"
      }
    },
    "millisecond": {
      "version": "0.1.2",
      "resolved": "https://registry.npmjs.org/millisecond/-/millisecond-0.1.2.tgz",
      "integrity": "sha1-bMWtOGJByrjniv+WT4cCjuyS2sU="
    },
    "mime": {
      "version": "2.0.3",
      "resolved": "https://registry.npmjs.org/mime/-/mime-2.0.3.tgz",
      "integrity": "sha512-TrpAd/vX3xaLPDgVRm6JkZwLR0KHfukMdU2wTEbqMDdCnY6Yo3mE+mjs9YE6oMNw2QRfXVeBEYpmpO94BIqiug=="
    },
    "minimatch": {
      "version": "3.0.4",
      "resolved": "https://registry.npmjs.org/minimatch/-/minimatch-3.0.4.tgz",
      "integrity": "sha512-yJHVQEhyqPLUTgt9B83PXu6W3rx4MvvHvSUvToogpwoGDOUQ+yDrR0HRot+yOCdCO7u4hX3pWft6kWBBcqh0UA==",
      "requires": {
        "brace-expansion": "1.1.8"
      }
    },
    "minimist": {
      "version": "1.2.0",
      "resolved": "https://registry.npmjs.org/minimist/-/minimist-1.2.0.tgz",
      "integrity": "sha1-o1AIsg9BOD7sH7kU9M1d95omQoQ=",
      "optional": true
    },
    "ms": {
      "version": "2.0.0",
      "resolved": "https://registry.npmjs.org/ms/-/ms-2.0.0.tgz",
      "integrity": "sha1-VgiurfwAvmwpAd9fmGF4jeDVl8g="
    },
    "mustache": {
      "version": "2.3.0",
      "resolved": "https://registry.npmjs.org/mustache/-/mustache-2.3.0.tgz",
      "integrity": "sha1-QCj3d4sXcIpImTCm5SrDvKDaQdA="
    },
    "node-resque": {
      "version": "5.0.0",
      "resolved": "https://registry.npmjs.org/node-resque/-/node-resque-5.0.0.tgz",
      "integrity": "sha512-O0QyZh4njwnXt6bxSQLn2Pk2/diP5DRw7DQ+XVPYh3cnxYQvcnxg+Y9XQRrQYXMwFcWn8hFRltPQh1S0/Ghj7g==",
      "requires": {
        "ioredis": "3.1.4"
      }
    },
    "nopt": {
      "version": "3.0.6",
      "resolved": "https://registry.npmjs.org/nopt/-/nopt-3.0.6.tgz",
      "integrity": "sha1-xkZdvwirzU2zWTF/eaxopkayj/k=",
      "requires": {
        "abbrev": "1.1.1"
      }
    },
    "once": {
      "version": "1.4.0",
      "resolved": "https://registry.npmjs.org/once/-/once-1.4.0.tgz",
      "integrity": "sha1-WDsap3WWHUsROsF9nFC6753Xa9E=",
      "requires": {
        "wrappy": "1.0.2"
      }
    },
    "optimist": {
      "version": "0.6.1",
      "resolved": "https://registry.npmjs.org/optimist/-/optimist-0.6.1.tgz",
      "integrity": "sha1-2j6nRob6IaGaERwybpDrFaAZZoY=",
      "requires": {
        "minimist": "0.0.10",
        "wordwrap": "0.0.3"
      },
      "dependencies": {
        "minimist": {
          "version": "0.0.10",
          "resolved": "https://registry.npmjs.org/minimist/-/minimist-0.0.10.tgz",
          "integrity": "sha1-3j+YVD2/lggr5IrRoMfNqDYwHc8="
        }
      }
    },
    "path-is-absolute": {
      "version": "1.0.1",
      "resolved": "https://registry.npmjs.org/path-is-absolute/-/path-is-absolute-1.0.1.tgz",
      "integrity": "sha1-F0uSaHNVNP+8es5r9TpanhtcX18="
    },
    "predefine": {
      "version": "0.1.2",
      "resolved": "https://registry.npmjs.org/predefine/-/predefine-0.1.2.tgz",
      "integrity": "sha1-KqkrRJa8H4VU5DpF92v75Q0z038=",
      "requires": {
        "extendible": "0.1.1"
      }
    },
    "primus": {
      "version": "7.1.0",
      "resolved": "https://registry.npmjs.org/primus/-/primus-7.1.0.tgz",
      "integrity": "sha512-E2J5nvnmNuUTsfJMhxV5oQChJ0DXGZm0WlKxM0XZRnAfgqgkbVntANiPBA+2BNiccrNz+aeZlIS9on+lP5CW7g==",
      "requires": {
        "access-control": "1.0.0",
        "asyncemit": "3.0.1",
        "create-server": "1.0.1",
        "diagnostics": "1.1.0",
        "eventemitter3": "2.0.3",
        "forwarded-for": "1.0.1",
        "fusing": "1.0.0",
        "setheader": "0.0.4",
        "ultron": "1.1.0",
        "yeast": "0.1.2"
      }
    },
    "qs": {
      "version": "6.5.1",
      "resolved": "https://registry.npmjs.org/qs/-/qs-6.5.1.tgz",
      "integrity": "sha512-eRzhrN1WSINYCDCbrz796z37LOe3m5tmW7RQf6oBntukAG1nmovJvhnwHHRMAfeoItc1m2Hk02WER2aQ/iqs+A=="
    },
    "redis-commands": {
      "version": "1.3.1",
      "resolved": "https://registry.npmjs.org/redis-commands/-/redis-commands-1.3.1.tgz",
      "integrity": "sha1-gdgm9F+pyLIBH0zXoP5ZfSQdRCs="
    },
    "redis-parser": {
      "version": "2.6.0",
      "resolved": "https://registry.npmjs.org/redis-parser/-/redis-parser-2.6.0.tgz",
      "integrity": "sha1-Uu0J2srBCPGmMcB+m2mUHnoZUEs="
    },
    "safe-buffer": {
      "version": "5.1.1",
      "resolved": "https://registry.npmjs.org/safe-buffer/-/safe-buffer-5.1.1.tgz",
      "integrity": "sha512-kKvNJn6Mm93gAczWVJg7wH+wGYWNrDHdWvpUmHyEsgCtIwwo3bqPtV4tR5tuPaUhTOo/kvhVwd8XwwOllGYkbg=="
    },
    "safefs": {
      "version": "3.2.2",
      "resolved": "https://registry.npmjs.org/safefs/-/safefs-3.2.2.tgz",
      "integrity": "sha1-gXDBRE1wOOCMrqBaN0+uL6NJ4Vw=",
      "requires": {
        "graceful-fs": "4.1.11"
      }
    },
    "scandirectory": {
      "version": "2.5.0",
      "resolved": "https://registry.npmjs.org/scandirectory/-/scandirectory-2.5.0.tgz",
      "integrity": "sha1-bOA/VKCQtmjjy+2/IO354xBZPnI=",
      "requires": {
        "ignorefs": "1.2.0",
        "safefs": "3.2.2",
        "taskgroup": "4.3.1"
      }
    },
    "setheader": {
      "version": "0.0.4",
      "resolved": "https://registry.npmjs.org/setheader/-/setheader-0.0.4.tgz",
      "integrity": "sha1-km7SjPdiFJYgkx566j8blYFuxpQ=",
      "requires": {
        "debug": "0.7.4"
      },
      "dependencies": {
        "debug": {
          "version": "0.7.4",
          "resolved": "https://registry.npmjs.org/debug/-/debug-0.7.4.tgz",
          "integrity": "sha1-BuHqgILCyxTjmAbiLi9vdX+Srzk="
        }
      }
    },
    "source-map": {
      "version": "0.5.7",
      "resolved": "https://registry.npmjs.org/source-map/-/source-map-0.5.7.tgz",
      "integrity": "sha1-igOdLRAh0i0eoUyA2OpGi6LvP8w="
    },
    "sprintf-js": {
      "version": "1.1.1",
      "resolved": "https://registry.npmjs.org/sprintf-js/-/sprintf-js-1.1.1.tgz",
      "integrity": "sha1-Nr54Mgr+WAH2zqPueLblqrlA6gw="
    },
    "stack-trace": {
      "version": "0.0.10",
      "resolved": "https://registry.npmjs.org/stack-trace/-/stack-trace-0.0.10.tgz",
      "integrity": "sha1-VHxws0fo0ytOEI6hoqFZ5f3eGcA="
    },
    "taskgroup": {
      "version": "4.3.1",
      "resolved": "https://registry.npmjs.org/taskgroup/-/taskgroup-4.3.1.tgz",
      "integrity": "sha1-feGT/r12gnPEV3MElwJNUSwnkVo=",
      "requires": {
        "ambi": "2.5.0",
        "csextends": "1.1.1"
      }
    },
    "text-hex": {
      "version": "0.0.0",
      "resolved": "https://registry.npmjs.org/text-hex/-/text-hex-0.0.0.tgz",
      "integrity": "sha1-V4+8haapJjbkLdF7QdAhjM6esrM="
    },
    "typechecker": {
      "version": "2.1.0",
      "resolved": "https://registry.npmjs.org/typechecker/-/typechecker-2.1.0.tgz",
      "integrity": "sha1-0cIJOlT/ihn1jP+HfuqlTyJC04M="
    },
    "uglify-js": {
      "version": "3.1.2",
      "resolved": "https://registry.npmjs.org/uglify-js/-/uglify-js-3.1.2.tgz",
      "integrity": "sha512-kKJ8zg7Ivw3DG9Ytgp4+iiSHq3HaHjEQMvyT2x2Bs8kSUwVemj6bPGFp6YWL81f5NAIOLVUKPxBSvqLRGXMpdw==",
      "requires": {
        "commander": "2.11.0",
        "source-map": "0.5.7"
      }
    },
    "ultron": {
      "version": "1.1.0",
      "resolved": "https://registry.npmjs.org/ultron/-/ultron-1.1.0.tgz",
      "integrity": "sha1-sHoualQagV/Go0zNRTO67DB8qGQ="
    },
    "uuid": {
      "version": "3.1.0",
      "resolved": "https://registry.npmjs.org/uuid/-/uuid-3.1.0.tgz",
      "integrity": "sha512-DIWtzUkw04M4k3bf1IcpS2tngXEL26YUD2M0tMDUpnUrz2hgzUBlD55a4FjdLGPvfHxS6uluGWvaVEqgBcVa+g=="
    },
    "vary": {
      "version": "1.1.2",
      "resolved": "https://registry.npmjs.org/vary/-/vary-1.1.2.tgz",
      "integrity": "sha1-IpnwLG3tMNSllhsLn3RSShj2NPw="
    },
    "watchr": {
      "version": "2.4.13",
      "resolved": "https://registry.npmjs.org/watchr/-/watchr-2.4.13.tgz",
      "integrity": "sha1-10hHu01vkPYf4sdPn2hmKqDgdgE=",
      "requires": {
        "eachr": "2.0.4",
        "extendr": "2.1.0",
        "extract-opts": "2.2.0",
        "ignorefs": "1.2.0",
        "safefs": "3.2.2",
        "scandirectory": "2.5.0",
        "taskgroup": "4.3.1",
        "typechecker": "2.1.0"
      }
    },
    "winston": {
      "version": "2.3.1",
      "resolved": "https://registry.npmjs.org/winston/-/winston-2.3.1.tgz",
      "integrity": "sha1-C0hCDZeMAYBM8CMLZIhhWYIloRk=",
      "requires": {
        "async": "1.0.0",
        "colors": "1.0.3",
        "cycle": "1.0.3",
        "eyes": "0.1.8",
        "isstream": "0.1.2",
        "stack-trace": "0.0.10"
      },
      "dependencies": {
        "async": {
          "version": "1.0.0",
          "resolved": "https://registry.npmjs.org/async/-/async-1.0.0.tgz",
          "integrity": "sha1-+PwEyjoTeErenhZBr5hXjPvWR6k="
        }
      }
    },
    "wordwrap": {
      "version": "0.0.3",
      "resolved": "https://registry.npmjs.org/wordwrap/-/wordwrap-0.0.3.tgz",
      "integrity": "sha1-o9XabNXAvAAI03I0u68b7WMFkQc="
    },
    "wrappy": {
      "version": "1.0.2",
      "resolved": "https://registry.npmjs.org/wrappy/-/wrappy-1.0.2.tgz",
      "integrity": "sha1-tSQ9jz7BqjXxNkYFvA0QNuMKtp8="
    },
    "ws": {
      "version": "3.2.0",
      "resolved": "https://registry.npmjs.org/ws/-/ws-3.2.0.tgz",
      "integrity": "sha512-hTS3mkXm/j85jTQOIcwVz3yK3up9xHgPtgEhDBOH3G18LDOZmSAG1omJeXejLKJakx+okv8vS1sopgs7rw0kVw==",
      "requires": {
        "async-limiter": "1.0.0",
        "safe-buffer": "5.1.1",
        "ultron": "1.1.0"
      }
    },
    "xregexp": {
      "version": "2.0.0",
      "resolved": "https://registry.npmjs.org/xregexp/-/xregexp-2.0.0.tgz",
      "integrity": "sha1-UqY+VsoLhKfzpfPWGHLxJq16WUM="
    },
    "yeast": {
      "version": "0.1.2",
      "resolved": "https://registry.npmjs.org/yeast/-/yeast-0.1.2.tgz",
      "integrity": "sha1-AI4G2AlDIMNy28L47XagymyKxBk="
    }
  }
}
